{
  "name": "oj-queue",
  "version": "3.0.3",
  "lockfileVersion": 2,
  "requires": true,
  "packages": {
    "": {
      "version": "3.0.3",
      "license": "MIT",
      "peerDependencies": {
        "oj-eventaggregator": "^3.0.0"
      }
    },
    "node_modules/oj-eventaggregator": {
      "version": "3.0.1",
      "resolved": "http://web01.oj.local:3000/oj-eventaggregator/-/oj-eventaggregator-3.0.1.tgz",
      "integrity": "sha512-4KTFiv32ub52rHVesMLlJoE5UVmUBHCc9gKiGp9rBtxlVC/HvKywa/wI9L1Ro9qn3EJHk5Mp0oyP54ZUjg29UA==",
      "license": "MIT",
      "peer": true
    }
  },
  "dependencies": {
    "oj-eventaggregator": {
      "version": "3.0.1",
      "resolved": "http://web01.oj.local:3000/oj-eventaggregator/-/oj-eventaggregator-3.0.1.tgz",
      "integrity": "sha512-4KTFiv32ub52rHVesMLlJoE5UVmUBHCc9gKiGp9rBtxlVC/HvKywa/wI9L1Ro9qn3EJHk5Mp0oyP54ZUjg29UA==",
      "peer": true
    }
  }
}
