{
  "name": "oj-queue",
  "version": "6.1.7",
  "lockfileVersion": 2,
  "requires": true,
  "packages": {
    "": {
      "name": "oj-queue",
      "version": "6.1.7",
      "license": "MIT",
      "peerDependencies": {
        "oj-eventaggregator": "^6.0.2",
        "oj-promise-utils": "^6.2.2"
      }
    },
    "node_modules/oj-eventaggregator": {
      "version": "6.0.2",
      "resolved": "http://web01.oj.local:3000/oj-eventaggregator/-/oj-eventaggregator-6.0.2.tgz",
      "integrity": "sha512-MI307viqlFTbyOmEWOPfDgutGLG+R74nLsq/ndUpOLX444WtSYZr8Nbzjs/rJI0ms1gdKXb72kfdjpdKgGZpYA==",
      "license": "MIT",
      "peer": true
    },
    "node_modules/oj-promise-utils": {
      "version": "6.2.2",
      "resolved": "http://web01.oj.local:3000/oj-promise-utils/-/oj-promise-utils-6.2.2.tgz",
      "integrity": "sha512-tD0MDkUk95UKXNb2m/ocfho23AcjuPMNzoV4JuS/B1mcymC4lui6pYtf7SbvvD92VvnM2I5t9FoSoqMwWbgVqg==",
      "license": "MIT",
      "peer": true
    }
  },
  "dependencies": {
    "oj-eventaggregator": {
      "version": "6.0.2",
      "resolved": "http://web01.oj.local:3000/oj-eventaggregator/-/oj-eventaggregator-6.0.2.tgz",
      "integrity": "sha512-MI307viqlFTbyOmEWOPfDgutGLG+R74nLsq/ndUpOLX444WtSYZr8Nbzjs/rJI0ms1gdKXb72kfdjpdKgGZpYA==",
      "peer": true
    },
    "oj-promise-utils": {
      "version": "6.2.2",
      "resolved": "http://web01.oj.local:3000/oj-promise-utils/-/oj-promise-utils-6.2.2.tgz",
      "integrity": "sha512-tD0MDkUk95UKXNb2m/ocfho23AcjuPMNzoV4JuS/B1mcymC4lui6pYtf7SbvvD92VvnM2I5t9FoSoqMwWbgVqg==",
      "peer": true
    }
  }
}
