{
  "name": "oj-queue",
  "version": "3.0.1",
  "lockfileVersion": 2,
  "requires": true,
  "packages": {
    "": {
      "version": "3.0.1",
      "license": "MIT",
      "peerDependencies": {
        "oj-eventaggregator": "^3.0.0"
      }
    },
    "node_modules/oj-eventaggregator": {
      "version": "3.0.0",
      "resolved": "http://web01.oj.local:3000/oj-eventaggregator/-/oj-eventaggregator-3.0.0.tgz",
      "integrity": "sha512-tZ/zFCF5wxA1rXx44294Ta89RDcayY8xNLy77bF80H3k5dkQnjBoZNbusVUhjZy5c6hrHN0gI78il0zdq1mHQw==",
      "license": "MIT",
      "peer": true
    }
  },
  "dependencies": {
    "oj-eventaggregator": {
      "version": "3.0.0",
      "resolved": "http://web01.oj.local:3000/oj-eventaggregator/-/oj-eventaggregator-3.0.0.tgz",
      "integrity": "sha512-tZ/zFCF5wxA1rXx44294Ta89RDcayY8xNLy77bF80H3k5dkQnjBoZNbusVUhjZy5c6hrHN0gI78il0zdq1mHQw==",
      "peer": true
    }
  }
}
